// !$*UTF8*$!
{
	archiveVersion = 1;
	classes = {
	};
	objectVersion = 46;
	objects = {

/* Begin PBXBuildFile section */
		5F2CD9101EDDB5620069F12C /* AppDelegate.swift in Sources */ = {isa = PBXBuildFile; fileRef = 5F2CD90F1EDDB5620069F12C /* AppDelegate.swift */; };
		5F2CD9151EDDB5620069F12C /* Main.storyboard in Resources */ = {isa = PBXBuildFile; fileRef = 5F2CD9131EDDB5620069F12C /* Main.storyboard */; };
		5F2CD91A1EDDB5620069F12C /* LaunchScreen.storyboard in Resources */ = {isa = PBXBuildFile; fileRef = 5F2CD9181EDDB5620069F12C /* LaunchScreen.storyboard */; };
		5F2CD92F1EDDC4470069F12C /* BookingTableViewController.swift in Sources */ = {isa = PBXBuildFile; fileRef = 5F2CD92E1EDDC4470069F12C /* BookingTableViewController.swift */; };
		5F2CD9331EDDC4F40069F12C /* Assets.xcassets in Resources */ = {isa = PBXBuildFile; fileRef = 5F2CD9321EDDC4F40069F12C /* Assets.xcassets */; };
		5F2CD9381EDDD0DE0069F12C /* DatabaseManager.swift in Sources */ = {isa = PBXBuildFile; fileRef = 5F2CD9371EDDD0DE0069F12C /* DatabaseManager.swift */; };
		5F2CD93D1EDE28630069F12C /* PresenterProtocols.swift in Sources */ = {isa = PBXBuildFile; fileRef = 5F2CD93C1EDE28630069F12C /* PresenterProtocols.swift */; };
		5F2CD93F1EDE2B5B0069F12C /* LoginViewController.swift in Sources */ = {isa = PBXBuildFile; fileRef = 5F2CD93E1EDE2B5B0069F12C /* LoginViewController.swift */; };
		5F2CD9431EDE2CF50069F12C /* Notifications.swift in Sources */ = {isa = PBXBuildFile; fileRef = 5F2CD9421EDE2CF50069F12C /* Notifications.swift */; };
		5F6B99B31EE700AF00A2CB00 /* FlightSearchViewController.swift in Sources */ = {isa = PBXBuildFile; fileRef = 5F6B99B21EE700AF00A2CB00 /* FlightSearchViewController.swift */; };
		5FBFC8101EE9F37D00A0A9F5 /* HotelDetailCell.swift in Sources */ = {isa = PBXBuildFile; fileRef = 5FBFC80F1EE9F37D00A0A9F5 /* HotelDetailCell.swift */; };
		5FBFC8121EEAE51E00A0A9F5 /* BookingCell.swift in Sources */ = {isa = PBXBuildFile; fileRef = 5FBFC8111EEAE51E00A0A9F5 /* BookingCell.swift */; };
		5FC6ADAE1EDE327A00CED153 /* StoryboardExtension.swift in Sources */ = {isa = PBXBuildFile; fileRef = 5FC6ADAD1EDE327A00CED153 /* StoryboardExtension.swift */; };
		5FC6ADB01EDEFB2100CED153 /* BookingPresenterProtocols.swift in Sources */ = {isa = PBXBuildFile; fileRef = 5FC6ADAF1EDEFB2100CED153 /* BookingPresenterProtocols.swift */; };
		5FC6ADB21EDEFD9D00CED153 /* BookingPresenter.swift in Sources */ = {isa = PBXBuildFile; fileRef = 5FC6ADB11EDEFD9D00CED153 /* BookingPresenter.swift */; };
		5FC6ADC21EE1F7F300CED153 /* AddBookingContainerViewController.swift in Sources */ = {isa = PBXBuildFile; fileRef = 5FC6ADC11EE1F7F300CED153 /* AddBookingContainerViewController.swift */; };
		5FC6ADC41EE2178C00CED153 /* FlightListingTableViewController.swift in Sources */ = {isa = PBXBuildFile; fileRef = 5FC6ADC31EE2178C00CED153 /* FlightListingTableViewController.swift */; };
		5FC6ADC61EE257AD00CED153 /* FlightPresenterProtocols.swift in Sources */ = {isa = PBXBuildFile; fileRef = 5FC6ADC51EE257AD00CED153 /* FlightPresenterProtocols.swift */; };
		5FC6ADC81EE25B4600CED153 /* FlightPresenter.swift in Sources */ = {isa = PBXBuildFile; fileRef = 5FC6ADC71EE25B4600CED153 /* FlightPresenter.swift */; };
		5FCE43B21EF18DD4004C9B26 /* travel-sample.cblite2 in Resources */ = {isa = PBXBuildFile; fileRef = 5FCE43B11EF18DD4004C9B26 /* travel-sample.cblite2 */; };
		5FE6ECAF1EEED14B006AD07C /* DictionaryExtension.swift in Sources */ = {isa = PBXBuildFile; fileRef = 5FE6ECAE1EEED14B006AD07C /* DictionaryExtension.swift */; };
		5FE6ECB11EEF225A006AD07C /* CustomErrors.swift in Sources */ = {isa = PBXBuildFile; fileRef = 5FE6ECB01EEF225A006AD07C /* CustomErrors.swift */; };
		5FE6ECB31EF05763006AD07C /* HotelCell.swift in Sources */ = {isa = PBXBuildFile; fileRef = 5FE6ECB21EF05763006AD07C /* HotelCell.swift */; };
		5FEB6B2B1EE8B01300A6CC18 /* HotelsTableViewController.swift in Sources */ = {isa = PBXBuildFile; fileRef = 5FEB6B2A1EE8B01300A6CC18 /* HotelsTableViewController.swift */; };
		5FEB6B2D1EE8B4B300A6CC18 /* HotelPresenterProtocols.swift in Sources */ = {isa = PBXBuildFile; fileRef = 5FEB6B2C1EE8B4B300A6CC18 /* HotelPresenterProtocols.swift */; };
		5FEB6B2F1EE8B5C400A6CC18 /* HotelPresenter.swift in Sources */ = {isa = PBXBuildFile; fileRef = 5FEB6B2E1EE8B5C400A6CC18 /* HotelPresenter.swift */; };
		5FEB6B311EE9E57700A6CC18 /* HotelDetailViewController.swift in Sources */ = {isa = PBXBuildFile; fileRef = 5FEB6B301EE9E57700A6CC18 /* HotelDetailViewController.swift */; };
		5FF733BF1EE885AC00ECC392 /* AirportPresenterProtocols.swift in Sources */ = {isa = PBXBuildFile; fileRef = 5FF733BE1EE885AC00ECC392 /* AirportPresenterProtocols.swift */; };
		5FF733C11EE8865400ECC392 /* AirportPresenter.swift in Sources */ = {isa = PBXBuildFile; fileRef = 5FF733C01EE8865400ECC392 /* AirportPresenter.swift */; };
		5FFB5C051EEB5B740060704F /* FlightCell.swift in Sources */ = {isa = PBXBuildFile; fileRef = 5FFB5C041EEB5B740060704F /* FlightCell.swift */; };
		5FFB5C071EEC2C1B0060704F /* CouchbaseLiteSwift.framework in Frameworks */ = {isa = PBXBuildFile; fileRef = 5FFB5C061EEC2C1B0060704F /* CouchbaseLiteSwift.framework */; };
		5FFB5C081EEC2C220060704F /* CouchbaseLiteSwift.framework in Frameworks */ = {isa = PBXBuildFile; fileRef = 5FFB5C061EEC2C1B0060704F /* CouchbaseLiteSwift.framework */; };
		5FFB5C091EEC2C220060704F /* CouchbaseLiteSwift.framework in Embed Frameworks */ = {isa = PBXBuildFile; fileRef = 5FFB5C061EEC2C1B0060704F /* CouchbaseLiteSwift.framework */; settings = {ATTRIBUTES = (CodeSignOnCopy, RemoveHeadersOnCopy, ); }; };
/* End PBXBuildFile section */

/* Begin PBXCopyFilesBuildPhase section */
		5F2CD93B1EDE236A0069F12C /* Embed Frameworks */ = {
			isa = PBXCopyFilesBuildPhase;
			buildActionMask = 2147483647;
			dstPath = "";
			dstSubfolderSpec = 10;
			files = (
				5FFB5C091EEC2C220060704F /* CouchbaseLiteSwift.framework in Embed Frameworks */,
			);
			name = "Embed Frameworks";
			runOnlyForDeploymentPostprocessing = 0;
		};
/* End PBXCopyFilesBuildPhase section */

/* Begin PBXFileReference section */
		5F2CD90C1EDDB5620069F12C /* TravelSample.app */ = {isa = PBXFileReference; explicitFileType = wrapper.application; includeInIndex = 0; path = TravelSample.app; sourceTree = BUILT_PRODUCTS_DIR; };
		5F2CD90F1EDDB5620069F12C /* AppDelegate.swift */ = {isa = PBXFileReference; lastKnownFileType = sourcecode.swift; path = AppDelegate.swift; sourceTree = "<group>"; };
		5F2CD9141EDDB5620069F12C /* Base */ = {isa = PBXFileReference; lastKnownFileType = file.storyboard; name = Base; path = Base.lproj/Main.storyboard; sourceTree = "<group>"; };
		5F2CD9191EDDB5620069F12C /* Base */ = {isa = PBXFileReference; lastKnownFileType = file.storyboard; name = Base; path = Base.lproj/LaunchScreen.storyboard; sourceTree = "<group>"; };
		5F2CD91B1EDDB5620069F12C /* Info.plist */ = {isa = PBXFileReference; lastKnownFileType = text.plist.xml; path = Info.plist; sourceTree = "<group>"; };
		5F2CD92E1EDDC4470069F12C /* BookingTableViewController.swift */ = {isa = PBXFileReference; fileEncoding = 4; lastKnownFileType = sourcecode.swift; path = BookingTableViewController.swift; sourceTree = "<group>"; };
		5F2CD9321EDDC4F40069F12C /* Assets.xcassets */ = {isa = PBXFileReference; lastKnownFileType = folder.assetcatalog; path = Assets.xcassets; sourceTree = "<group>"; };
		5F2CD9371EDDD0DE0069F12C /* DatabaseManager.swift */ = {isa = PBXFileReference; fileEncoding = 4; lastKnownFileType = sourcecode.swift; path = DatabaseManager.swift; sourceTree = "<group>"; };
		5F2CD93C1EDE28630069F12C /* PresenterProtocols.swift */ = {isa = PBXFileReference; fileEncoding = 4; lastKnownFileType = sourcecode.swift; path = PresenterProtocols.swift; sourceTree = "<group>"; };
		5F2CD93E1EDE2B5B0069F12C /* LoginViewController.swift */ = {isa = PBXFileReference; fileEncoding = 4; lastKnownFileType = sourcecode.swift; path = LoginViewController.swift; sourceTree = "<group>"; };
		5F2CD9421EDE2CF50069F12C /* Notifications.swift */ = {isa = PBXFileReference; fileEncoding = 4; lastKnownFileType = sourcecode.swift; path = Notifications.swift; sourceTree = "<group>"; };
		5F6B99B21EE700AF00A2CB00 /* FlightSearchViewController.swift */ = {isa = PBXFileReference; fileEncoding = 4; lastKnownFileType = sourcecode.swift; path = FlightSearchViewController.swift; sourceTree = "<group>"; };
		5FBFC80F1EE9F37D00A0A9F5 /* HotelDetailCell.swift */ = {isa = PBXFileReference; fileEncoding = 4; lastKnownFileType = sourcecode.swift; path = HotelDetailCell.swift; sourceTree = "<group>"; };
		5FBFC8111EEAE51E00A0A9F5 /* BookingCell.swift */ = {isa = PBXFileReference; fileEncoding = 4; lastKnownFileType = sourcecode.swift; path = BookingCell.swift; sourceTree = "<group>"; };
		5FC6ADAD1EDE327A00CED153 /* StoryboardExtension.swift */ = {isa = PBXFileReference; fileEncoding = 4; lastKnownFileType = sourcecode.swift; path = StoryboardExtension.swift; sourceTree = "<group>"; };
		5FC6ADAF1EDEFB2100CED153 /* BookingPresenterProtocols.swift */ = {isa = PBXFileReference; fileEncoding = 4; lastKnownFileType = sourcecode.swift; path = BookingPresenterProtocols.swift; sourceTree = "<group>"; };
		5FC6ADB11EDEFD9D00CED153 /* BookingPresenter.swift */ = {isa = PBXFileReference; fileEncoding = 4; lastKnownFileType = sourcecode.swift; path = BookingPresenter.swift; sourceTree = "<group>"; };
		5FC6ADC11EE1F7F300CED153 /* AddBookingContainerViewController.swift */ = {isa = PBXFileReference; fileEncoding = 4; lastKnownFileType = sourcecode.swift; path = AddBookingContainerViewController.swift; sourceTree = "<group>"; };
		5FC6ADC31EE2178C00CED153 /* FlightListingTableViewController.swift */ = {isa = PBXFileReference; fileEncoding = 4; lastKnownFileType = sourcecode.swift; path = FlightListingTableViewController.swift; sourceTree = "<group>"; };
		5FC6ADC51EE257AD00CED153 /* FlightPresenterProtocols.swift */ = {isa = PBXFileReference; fileEncoding = 4; lastKnownFileType = sourcecode.swift; path = FlightPresenterProtocols.swift; sourceTree = "<group>"; };
		5FC6ADC71EE25B4600CED153 /* FlightPresenter.swift */ = {isa = PBXFileReference; fileEncoding = 4; lastKnownFileType = sourcecode.swift; path = FlightPresenter.swift; sourceTree = "<group>"; };
		5FCE43B11EF18DD4004C9B26 /* travel-sample.cblite2 */ = {isa = PBXFileReference; lastKnownFileType = folder; path = "travel-sample.cblite2"; sourceTree = "<group>"; };
		5FE6ECAE1EEED14B006AD07C /* DictionaryExtension.swift */ = {isa = PBXFileReference; fileEncoding = 4; lastKnownFileType = sourcecode.swift; path = DictionaryExtension.swift; sourceTree = "<group>"; };
		5FE6ECB01EEF225A006AD07C /* CustomErrors.swift */ = {isa = PBXFileReference; fileEncoding = 4; lastKnownFileType = sourcecode.swift; path = CustomErrors.swift; sourceTree = "<group>"; };
		5FE6ECB21EF05763006AD07C /* HotelCell.swift */ = {isa = PBXFileReference; fileEncoding = 4; lastKnownFileType = sourcecode.swift; path = HotelCell.swift; sourceTree = "<group>"; };
		5FEB6B2A1EE8B01300A6CC18 /* HotelsTableViewController.swift */ = {isa = PBXFileReference; fileEncoding = 4; lastKnownFileType = sourcecode.swift; path = HotelsTableViewController.swift; sourceTree = "<group>"; };
		5FEB6B2C1EE8B4B300A6CC18 /* HotelPresenterProtocols.swift */ = {isa = PBXFileReference; fileEncoding = 4; lastKnownFileType = sourcecode.swift; path = HotelPresenterProtocols.swift; sourceTree = "<group>"; };
		5FEB6B2E1EE8B5C400A6CC18 /* HotelPresenter.swift */ = {isa = PBXFileReference; fileEncoding = 4; lastKnownFileType = sourcecode.swift; path = HotelPresenter.swift; sourceTree = "<group>"; };
		5FEB6B301EE9E57700A6CC18 /* HotelDetailViewController.swift */ = {isa = PBXFileReference; fileEncoding = 4; lastKnownFileType = sourcecode.swift; path = HotelDetailViewController.swift; sourceTree = "<group>"; };
		5FF733BE1EE885AC00ECC392 /* AirportPresenterProtocols.swift */ = {isa = PBXFileReference; fileEncoding = 4; lastKnownFileType = sourcecode.swift; path = AirportPresenterProtocols.swift; sourceTree = "<group>"; };
		5FF733C01EE8865400ECC392 /* AirportPresenter.swift */ = {isa = PBXFileReference; fileEncoding = 4; lastKnownFileType = sourcecode.swift; path = AirportPresenter.swift; sourceTree = "<group>"; };
		5FFB5C041EEB5B740060704F /* FlightCell.swift */ = {isa = PBXFileReference; fileEncoding = 4; lastKnownFileType = sourcecode.swift; path = FlightCell.swift; sourceTree = "<group>"; };
		5FFB5C061EEC2C1B0060704F /* CouchbaseLiteSwift.framework */ = {isa = PBXFileReference; lastKnownFileType = wrapper.framework; path = CouchbaseLiteSwift.framework; sourceTree = "<group>"; };
/* End PBXFileReference section */

/* Begin PBXFrameworksBuildPhase section */
		5F2CD9091EDDB5620069F12C /* Frameworks */ = {
			isa = PBXFrameworksBuildPhase;
			buildActionMask = 2147483647;
			files = (
				5FFB5C081EEC2C220060704F /* CouchbaseLiteSwift.framework in Frameworks */,
				5FFB5C071EEC2C1B0060704F /* CouchbaseLiteSwift.framework in Frameworks */,
			);
			runOnlyForDeploymentPostprocessing = 0;
		};
/* End PBXFrameworksBuildPhase section */

/* Begin PBXGroup section */
		5F2CD9031EDDB5620069F12C = {
			isa = PBXGroup;
			children = (
				5F2CD9231EDDB8CE0069F12C /* Frameworks */,
				5F2CD90E1EDDB5620069F12C /* TravelSample */,
				5F2CD90D1EDDB5620069F12C /* Products */,
			);
			sourceTree = "<group>";
		};
		5F2CD90D1EDDB5620069F12C /* Products */ = {
			isa = PBXGroup;
			children = (
				5F2CD90C1EDDB5620069F12C /* TravelSample.app */,
			);
			name = Products;
			sourceTree = "<group>";
		};
		5F2CD90E1EDDB5620069F12C /* TravelSample */ = {
			isa = PBXGroup;
			children = (
				5FF733B71EE8354700ECC392 /* prebuilt */,
				5F2CD9361EDDC53E0069F12C /* Presenter */,
				5F2CD9351EDDC5330069F12C /* Model */,
				5F2CD9341EDDC5090069F12C /* Utilities */,
				5F2CD90F1EDDB5620069F12C /* AppDelegate.swift */,
				5F2CD9321EDDC4F40069F12C /* Assets.xcassets */,
				5F2CD92D1EDDC4100069F12C /* ViewControllers */,
				5F2CD9301EDDC4990069F12C /* Storyboard */,
				5F2CD9311EDDC4A70069F12C /* Supporting */,
				5FBFC80E1EE9F02200A0A9F5 /* view */,
			);
			path = TravelSample;
			sourceTree = "<group>";
		};
		5F2CD9231EDDB8CE0069F12C /* Frameworks */ = {
			isa = PBXGroup;
			children = (
				5FFB5C061EEC2C1B0060704F /* CouchbaseLiteSwift.framework */,
			);
			path = Frameworks;
			sourceTree = "<group>";
		};
		5F2CD92D1EDDC4100069F12C /* ViewControllers */ = {
			isa = PBXGroup;
			children = (
				5F2CD93E1EDE2B5B0069F12C /* LoginViewController.swift */,
				5F2CD92E1EDDC4470069F12C /* BookingTableViewController.swift */,
				5FC6ADC11EE1F7F300CED153 /* AddBookingContainerViewController.swift */,
				5FC6ADC31EE2178C00CED153 /* FlightListingTableViewController.swift */,
				5F6B99B21EE700AF00A2CB00 /* FlightSearchViewController.swift */,
				5FEB6B2A1EE8B01300A6CC18 /* HotelsTableViewController.swift */,
				5FEB6B301EE9E57700A6CC18 /* HotelDetailViewController.swift */,
			);
			path = ViewControllers;
			sourceTree = "<group>";
		};
		5F2CD9301EDDC4990069F12C /* Storyboard */ = {
			isa = PBXGroup;
			children = (
				5F2CD9131EDDB5620069F12C /* Main.storyboard */,
				5F2CD9181EDDB5620069F12C /* LaunchScreen.storyboard */,
			);
			name = Storyboard;
			sourceTree = "<group>";
		};
		5F2CD9311EDDC4A70069F12C /* Supporting */ = {
			isa = PBXGroup;
			children = (
				5F2CD91B1EDDB5620069F12C /* Info.plist */,
			);
			path = Supporting;
			sourceTree = "<group>";
		};
		5F2CD9341EDDC5090069F12C /* Utilities */ = {
			isa = PBXGroup;
			children = (
				5F2CD9421EDE2CF50069F12C /* Notifications.swift */,
				5FC6ADAD1EDE327A00CED153 /* StoryboardExtension.swift */,
				5FE6ECAE1EEED14B006AD07C /* DictionaryExtension.swift */,
				5FE6ECB01EEF225A006AD07C /* CustomErrors.swift */,
			);
			path = Utilities;
			sourceTree = "<group>";
		};
		5F2CD9351EDDC5330069F12C /* Model */ = {
			isa = PBXGroup;
			children = (
				5F2CD9371EDDD0DE0069F12C /* DatabaseManager.swift */,
			);
			path = Model;
			sourceTree = "<group>";
		};
		5F2CD9361EDDC53E0069F12C /* Presenter */ = {
			isa = PBXGroup;
			children = (
				5F2CD93C1EDE28630069F12C /* PresenterProtocols.swift */,
				5FC6ADAF1EDEFB2100CED153 /* BookingPresenterProtocols.swift */,
				5FC6ADB11EDEFD9D00CED153 /* BookingPresenter.swift */,
				5FC6ADC51EE257AD00CED153 /* FlightPresenterProtocols.swift */,
				5FC6ADC71EE25B4600CED153 /* FlightPresenter.swift */,
				5FF733BE1EE885AC00ECC392 /* AirportPresenterProtocols.swift */,
				5FF733C01EE8865400ECC392 /* AirportPresenter.swift */,
				5FEB6B2C1EE8B4B300A6CC18 /* HotelPresenterProtocols.swift */,
				5FEB6B2E1EE8B5C400A6CC18 /* HotelPresenter.swift */,
			);
			path = Presenter;
			sourceTree = "<group>";
		};
		5FBFC80E1EE9F02200A0A9F5 /* view */ = {
			isa = PBXGroup;
			children = (
				5FBFC80F1EE9F37D00A0A9F5 /* HotelDetailCell.swift */,
				5FBFC8111EEAE51E00A0A9F5 /* BookingCell.swift */,
				5FFB5C041EEB5B740060704F /* FlightCell.swift */,
				5FE6ECB21EF05763006AD07C /* HotelCell.swift */,
			);
			path = view;
			sourceTree = "<group>";
		};
		5FF733B71EE8354700ECC392 /* prebuilt */ = {
			isa = PBXGroup;
			children = (
				5FCE43B11EF18DD4004C9B26 /* travel-sample.cblite2 */,
			);
			path = prebuilt;
			sourceTree = "<group>";
		};
/* End PBXGroup section */

/* Begin PBXNativeTarget section */
		5F2CD90B1EDDB5620069F12C /* TravelSample */ = {
			isa = PBXNativeTarget;
			buildConfigurationList = 5F2CD91E1EDDB5620069F12C /* Build configuration list for PBXNativeTarget "TravelSample" */;
			buildPhases = (
				5F2CD9081EDDB5620069F12C /* Sources */,
				5F2CD9091EDDB5620069F12C /* Frameworks */,
				5F2CD90A1EDDB5620069F12C /* Resources */,
				5F2CD93B1EDE236A0069F12C /* Embed Frameworks */,
			);
			buildRules = (
			);
			dependencies = (
			);
			name = TravelSample;
			productName = TravelSample;
			productReference = 5F2CD90C1EDDB5620069F12C /* TravelSample.app */;
			productType = "com.apple.product-type.application";
		};
/* End PBXNativeTarget section */

/* Begin PBXProject section */
		5F2CD9041EDDB5620069F12C /* Project object */ = {
			isa = PBXProject;
			attributes = {
				LastSwiftUpdateCheck = 0830;
				LastUpgradeCheck = 0830;
				ORGANIZATIONNAME = "Couchbase Inc.";
				TargetAttributes = {
					5F2CD90B1EDDB5620069F12C = {
						CreatedOnToolsVersion = 8.3;
						ProvisioningStyle = Automatic;
					};
				};
			};
			buildConfigurationList = 5F2CD9071EDDB5620069F12C /* Build configuration list for PBXProject "TravelSample" */;
			compatibilityVersion = "Xcode 3.2";
			developmentRegion = English;
			hasScannedForEncodings = 0;
			knownRegions = (
				en,
				Base,
			);
			mainGroup = 5F2CD9031EDDB5620069F12C;
			productRefGroup = 5F2CD90D1EDDB5620069F12C /* Products */;
			projectDirPath = "";
			projectRoot = "";
			targets = (
				5F2CD90B1EDDB5620069F12C /* TravelSample */,
			);
		};
/* End PBXProject section */

/* Begin PBXResourcesBuildPhase section */
		5F2CD90A1EDDB5620069F12C /* Resources */ = {
			isa = PBXResourcesBuildPhase;
			buildActionMask = 2147483647;
			files = (
				5F2CD91A1EDDB5620069F12C /* LaunchScreen.storyboard in Resources */,
				5FCE43B21EF18DD4004C9B26 /* travel-sample.cblite2 in Resources */,
				5F2CD9331EDDC4F40069F12C /* Assets.xcassets in Resources */,
				5F2CD9151EDDB5620069F12C /* Main.storyboard in Resources */,
			);
			runOnlyForDeploymentPostprocessing = 0;
		};
/* End PBXResourcesBuildPhase section */

/* Begin PBXSourcesBuildPhase section */
		5F2CD9081EDDB5620069F12C /* Sources */ = {
			isa = PBXSourcesBuildPhase;
			buildActionMask = 2147483647;
			files = (
				5FC6ADB01EDEFB2100CED153 /* BookingPresenterProtocols.swift in Sources */,
				5FE6ECB11EEF225A006AD07C /* CustomErrors.swift in Sources */,
				5FE6ECB31EF05763006AD07C /* HotelCell.swift in Sources */,
				5F2CD9431EDE2CF50069F12C /* Notifications.swift in Sources */,
				5F2CD93D1EDE28630069F12C /* PresenterProtocols.swift in Sources */,
				5FBFC8121EEAE51E00A0A9F5 /* BookingCell.swift in Sources */,
				5F2CD92F1EDDC4470069F12C /* BookingTableViewController.swift in Sources */,
				5FC6ADC81EE25B4600CED153 /* FlightPresenter.swift in Sources */,
				5FFB5C051EEB5B740060704F /* FlightCell.swift in Sources */,
				5FC6ADAE1EDE327A00CED153 /* StoryboardExtension.swift in Sources */,
				5F2CD9101EDDB5620069F12C /* AppDelegate.swift in Sources */,
				5FC6ADC41EE2178C00CED153 /* FlightListingTableViewController.swift in Sources */,
				5FEB6B2F1EE8B5C400A6CC18 /* HotelPresenter.swift in Sources */,
				5FEB6B2B1EE8B01300A6CC18 /* HotelsTableViewController.swift in Sources */,
				5FBFC8101EE9F37D00A0A9F5 /* HotelDetailCell.swift in Sources */,
				5F2CD93F1EDE2B5B0069F12C /* LoginViewController.swift in Sources */,
				5FF733BF1EE885AC00ECC392 /* AirportPresenterProtocols.swift in Sources */,
				5FE6ECAF1EEED14B006AD07C /* DictionaryExtension.swift in Sources */,
				5FEB6B311EE9E57700A6CC18 /* HotelDetailViewController.swift in Sources */,
				5FF733C11EE8865400ECC392 /* AirportPresenter.swift in Sources */,
				5FC6ADC61EE257AD00CED153 /* FlightPresenterProtocols.swift in Sources */,
				5FEB6B2D1EE8B4B300A6CC18 /* HotelPresenterProtocols.swift in Sources */,
				5F6B99B31EE700AF00A2CB00 /* FlightSearchViewController.swift in Sources */,
				5FC6ADB21EDEFD9D00CED153 /* BookingPresenter.swift in Sources */,
				5FC6ADC21EE1F7F300CED153 /* AddBookingContainerViewController.swift in Sources */,
				5F2CD9381EDDD0DE0069F12C /* DatabaseManager.swift in Sources */,
			);
			runOnlyForDeploymentPostprocessing = 0;
		};
/* End PBXSourcesBuildPhase section */

/* Begin PBXVariantGroup section */
		5F2CD9131EDDB5620069F12C /* Main.storyboard */ = {
			isa = PBXVariantGroup;
			children = (
				5F2CD9141EDDB5620069F12C /* Base */,
			);
			name = Main.storyboard;
			sourceTree = "<group>";
		};
		5F2CD9181EDDB5620069F12C /* LaunchScreen.storyboard */ = {
			isa = PBXVariantGroup;
			children = (
				5F2CD9191EDDB5620069F12C /* Base */,
			);
			name = LaunchScreen.storyboard;
			sourceTree = "<group>";
		};
/* End PBXVariantGroup section */

/* Begin XCBuildConfiguration section */
		5F2CD91C1EDDB5620069F12C /* Debug */ = {
			isa = XCBuildConfiguration;
			buildSettings = {
				ALWAYS_SEARCH_USER_PATHS = NO;
				CLANG_ANALYZER_NONNULL = YES;
				CLANG_ANALYZER_NUMBER_OBJECT_CONVERSION = YES_AGGRESSIVE;
				CLANG_CXX_LANGUAGE_STANDARD = "gnu++0x";
				CLANG_CXX_LIBRARY = "libc++";
				CLANG_ENABLE_MODULES = YES;
				CLANG_ENABLE_OBJC_ARC = YES;
				CLANG_WARN_BOOL_CONVERSION = YES;
				CLANG_WARN_CONSTANT_CONVERSION = YES;
				CLANG_WARN_DIRECT_OBJC_ISA_USAGE = YES_ERROR;
				CLANG_WARN_DOCUMENTATION_COMMENTS = YES;
				CLANG_WARN_EMPTY_BODY = YES;
				CLANG_WARN_ENUM_CONVERSION = YES;
				CLANG_WARN_INFINITE_RECURSION = YES;
				CLANG_WARN_INT_CONVERSION = YES;
				CLANG_WARN_OBJC_ROOT_CLASS = YES_ERROR;
				CLANG_WARN_SUSPICIOUS_MOVE = YES;
				CLANG_WARN_UNREACHABLE_CODE = YES;
				CLANG_WARN__DUPLICATE_METHOD_MATCH = YES;
				"CODE_SIGN_IDENTITY[sdk=iphoneos*]" = "iPhone Developer";
				COPY_PHASE_STRIP = NO;
				DEBUG_INFORMATION_FORMAT = dwarf;
				ENABLE_STRICT_OBJC_MSGSEND = YES;
				ENABLE_TESTABILITY = YES;
				GCC_C_LANGUAGE_STANDARD = gnu99;
				GCC_DYNAMIC_NO_PIC = NO;
				GCC_NO_COMMON_BLOCKS = YES;
				GCC_OPTIMIZATION_LEVEL = 0;
				GCC_PREPROCESSOR_DEFINITIONS = (
					"DEBUG=1",
					"$(inherited)",
				);
				GCC_WARN_64_TO_32_BIT_CONVERSION = YES;
				GCC_WARN_ABOUT_RETURN_TYPE = YES_ERROR;
				GCC_WARN_UNDECLARED_SELECTOR = YES;
				GCC_WARN_UNINITIALIZED_AUTOS = YES_AGGRESSIVE;
				GCC_WARN_UNUSED_FUNCTION = YES;
				GCC_WARN_UNUSED_VARIABLE = YES;
				IPHONEOS_DEPLOYMENT_TARGET = 9.1;
				MTL_ENABLE_DEBUG_INFO = YES;
				ONLY_ACTIVE_ARCH = YES;
				SDKROOT = iphoneos;
				SWIFT_ACTIVE_COMPILATION_CONDITIONS = DEBUG;
				SWIFT_OPTIMIZATION_LEVEL = "-Onone";
				SWIFT_VERSION = 3.0;
			};
			name = Debug;
		};
		5F2CD91D1EDDB5620069F12C /* Release */ = {
			isa = XCBuildConfiguration;
			buildSettings = {
				ALWAYS_SEARCH_USER_PATHS = NO;
				CLANG_ANALYZER_NONNULL = YES;
				CLANG_ANALYZER_NUMBER_OBJECT_CONVERSION = YES_AGGRESSIVE;
				CLANG_CXX_LANGUAGE_STANDARD = "gnu++0x";
				CLANG_CXX_LIBRARY = "libc++";
				CLANG_ENABLE_MODULES = YES;
				CLANG_ENABLE_OBJC_ARC = YES;
				CLANG_WARN_BOOL_CONVERSION = YES;
				CLANG_WARN_CONSTANT_CONVERSION = YES;
				CLANG_WARN_DIRECT_OBJC_ISA_USAGE = YES_ERROR;
				CLANG_WARN_DOCUMENTATION_COMMENTS = YES;
				CLANG_WARN_EMPTY_BODY = YES;
				CLANG_WARN_ENUM_CONVERSION = YES;
				CLANG_WARN_INFINITE_RECURSION = YES;
				CLANG_WARN_INT_CONVERSION = YES;
				CLANG_WARN_OBJC_ROOT_CLASS = YES_ERROR;
				CLANG_WARN_SUSPICIOUS_MOVE = YES;
				CLANG_WARN_UNREACHABLE_CODE = YES;
				CLANG_WARN__DUPLICATE_METHOD_MATCH = YES;
				"CODE_SIGN_IDENTITY[sdk=iphoneos*]" = "iPhone Developer";
				COPY_PHASE_STRIP = NO;
				DEBUG_INFORMATION_FORMAT = "dwarf-with-dsym";
				ENABLE_NS_ASSERTIONS = NO;
				ENABLE_STRICT_OBJC_MSGSEND = YES;
				GCC_C_LANGUAGE_STANDARD = gnu99;
				GCC_NO_COMMON_BLOCKS = YES;
				GCC_WARN_64_TO_32_BIT_CONVERSION = YES;
				GCC_WARN_ABOUT_RETURN_TYPE = YES_ERROR;
				GCC_WARN_UNDECLARED_SELECTOR = YES;
				GCC_WARN_UNINITIALIZED_AUTOS = YES_AGGRESSIVE;
				GCC_WARN_UNUSED_FUNCTION = YES;
				GCC_WARN_UNUSED_VARIABLE = YES;
				IPHONEOS_DEPLOYMENT_TARGET = 9.1;
				MTL_ENABLE_DEBUG_INFO = NO;
				SDKROOT = iphoneos;
				SWIFT_OPTIMIZATION_LEVEL = "-Owholemodule";
				SWIFT_VERSION = 3.0;
				VALIDATE_PRODUCT = YES;
			};
			name = Release;
		};
		5F2CD91F1EDDB5620069F12C /* Debug */ = {
			isa = XCBuildConfiguration;
			buildSettings = {
				ASSETCATALOG_COMPILER_APPICON_NAME = AppIcon;
				FRAMEWORK_SEARCH_PATHS = (
					"$(inherited)",
					"$(PROJECT_DIR)/Frameworks/iOS",
					"$(PROJECT_DIR)/Frameworks",
				);
				INFOPLIST_FILE = TravelSample/Info.plist;
				LD_RUNPATH_SEARCH_PATHS = "$(inherited) @executable_path/Frameworks";
				PRODUCT_BUNDLE_IDENTIFIER = com.couchbase.TravelSample;
				PRODUCT_NAME = "$(TARGET_NAME)";
				SWIFT_VERSION = 3.0;
			};
			name = Debug;
		};
		5F2CD9201EDDB5620069F12C /* Release */ = {
			isa = XCBuildConfiguration;
			buildSettings = {
				ASSETCATALOG_COMPILER_APPICON_NAME = AppIcon;
				FRAMEWORK_SEARCH_PATHS = (
					"$(inherited)",
					"$(PROJECT_DIR)/Frameworks/iOS",
					"$(PROJECT_DIR)/Frameworks",
				);
				INFOPLIST_FILE = TravelSample/Info.plist;
				LD_RUNPATH_SEARCH_PATHS = "$(inherited) @executable_path/Frameworks";
				PRODUCT_BUNDLE_IDENTIFIER = com.couchbase.TravelSample;
				PRODUCT_NAME = "$(TARGET_NAME)";
				SWIFT_VERSION = 3.0;
			};
			name = Release;
		};
/* End XCBuildConfiguration section */

/* Begin XCConfigurationList section */
		5F2CD9071EDDB5620069F12C /* Build configuration list for PBXProject "TravelSample" */ = {
			isa = XCConfigurationList;
			buildConfigurations = (
				5F2CD91C1EDDB5620069F12C /* Debug */,
				5F2CD91D1EDDB5620069F12C /* Release */,
			);
			defaultConfigurationIsVisible = 0;
			defaultConfigurationName = Release;
		};
		5F2CD91E1EDDB5620069F12C /* Build configuration list for PBXNativeTarget "TravelSample" */ = {
			isa = XCConfigurationList;
			buildConfigurations = (
				5F2CD91F1EDDB5620069F12C /* Debug */,
				5F2CD9201EDDB5620069F12C /* Release */,
			);
			defaultConfigurationIsVisible = 0;
			defaultConfigurationName = Release;
		};
/* End XCConfigurationList section */
	};
	rootObject = 5F2CD9041EDDB5620069F12C /* Project object */;
}
