
Microsoft Visual Studio Solution File, Format Version 12.00
# Visual Studio 15
VisualStudioVersion = 15.0.27004.2002
MinimumVisualStudioVersion = 10.0.40219.1
Project("{FAE04EC0-301F-11D3-BF4B-00C04F79EFBC}") = "TravelSample.Android", "TravelSample\TravelSample.Android\TravelSample.Android.csproj", "{2FEBE08B-75A8-4A18-BBAB-34881E55075C}"
EndProject
Project("{FAE04EC0-301F-11D3-BF4B-00C04F79EFBC}") = "TravelSample.UWP", "TravelSample\TravelSample.UWP\TravelSample.UWP.csproj", "{E8CA1526-30B1-4928-863D-E1C6ACB7BCD4}"
EndProject
Project("{FAE04EC0-301F-11D3-BF4B-00C04F79EFBC}") = "TravelSample.iOS", "TravelSample\TravelSample.iOS\TravelSample.iOS.csproj", "{76B6D7AA-0ABB-4413-8D0E-DF7D0FC44496}"
EndProject
Project("{9A19103F-16F7-4668-BE54-9A1E7A4F7556}") = "TravelSample.Core", "TravelSample\TravelSample.Core\TravelSample.Core.csproj", "{E7A6E627-37BB-4D71-BCDA-5F3BB4939574}"
EndProject
Global
	GlobalSection(SolutionConfigurationPlatforms) = preSolution
		Ad-Hoc|Any CPU = Ad-Hoc|Any CPU
		Ad-Hoc|ARM = Ad-Hoc|ARM
		Ad-Hoc|iPhone = Ad-Hoc|iPhone
		Ad-Hoc|iPhoneSimulator = Ad-Hoc|iPhoneSimulator
		Ad-Hoc|x64 = Ad-Hoc|x64
		Ad-Hoc|x86 = Ad-Hoc|x86
		AppStore|Any CPU = AppStore|Any CPU
		AppStore|ARM = AppStore|ARM
		AppStore|iPhone = AppStore|iPhone
		AppStore|iPhoneSimulator = AppStore|iPhoneSimulator
		AppStore|x64 = AppStore|x64
		AppStore|x86 = AppStore|x86
		Debug|Any CPU = Debug|Any CPU
		Debug|ARM = Debug|ARM
		Debug|iPhone = Debug|iPhone
		Debug|iPhoneSimulator = Debug|iPhoneSimulator
		Debug|x64 = Debug|x64
		Debug|x86 = Debug|x86
		Release|Any CPU = Release|Any CPU
		Release|ARM = Release|ARM
		Release|iPhone = Release|iPhone
		Release|iPhoneSimulator = Release|iPhoneSimulator
		Release|x64 = Release|x64
		Release|x86 = Release|x86
	EndGlobalSection
	GlobalSection(ProjectConfigurationPlatforms) = postSolution
		{2FEBE08B-75A8-4A18-BBAB-34881E55075C}.Ad-Hoc|Any CPU.ActiveCfg = Release|Any CPU
		{2FEBE08B-75A8-4A18-BBAB-34881E55075C}.Ad-Hoc|Any CPU.Build.0 = Release|Any CPU
		{2FEBE08B-75A8-4A18-BBAB-34881E55075C}.Ad-Hoc|Any CPU.Deploy.0 = Release|Any CPU
		{2FEBE08B-75A8-4A18-BBAB-34881E55075C}.Ad-Hoc|ARM.ActiveCfg = Release|Any CPU
		{2FEBE08B-75A8-4A18-BBAB-34881E55075C}.Ad-Hoc|ARM.Build.0 = Release|Any CPU
		{2FEBE08B-75A8-4A18-BBAB-34881E55075C}.Ad-Hoc|ARM.Deploy.0 = Release|Any CPU
		{2FEBE08B-75A8-4A18-BBAB-34881E55075C}.Ad-Hoc|iPhone.ActiveCfg = Release|Any CPU
		{2FEBE08B-75A8-4A18-BBAB-34881E55075C}.Ad-Hoc|iPhone.Build.0 = Release|Any CPU
		{2FEBE08B-75A8-4A18-BBAB-34881E55075C}.Ad-Hoc|iPhone.Deploy.0 = Release|Any CPU
		{2FEBE08B-75A8-4A18-BBAB-34881E55075C}.Ad-Hoc|iPhoneSimulator.ActiveCfg = Release|Any CPU
		{2FEBE08B-75A8-4A18-BBAB-34881E55075C}.Ad-Hoc|iPhoneSimulator.Build.0 = Release|Any CPU
		{2FEBE08B-75A8-4A18-BBAB-34881E55075C}.Ad-Hoc|iPhoneSimulator.Deploy.0 = Release|Any CPU
		{2FEBE08B-75A8-4A18-BBAB-34881E55075C}.Ad-Hoc|x64.ActiveCfg = Release|Any CPU
		{2FEBE08B-75A8-4A18-BBAB-34881E55075C}.Ad-Hoc|x64.Build.0 = Release|Any CPU
		{2FEBE08B-75A8-4A18-BBAB-34881E55075C}.Ad-Hoc|x64.Deploy.0 = Release|Any CPU
		{2FEBE08B-75A8-4A18-BBAB-34881E55075C}.Ad-Hoc|x86.ActiveCfg = Release|Any CPU
		{2FEBE08B-75A8-4A18-BBAB-34881E55075C}.Ad-Hoc|x86.Build.0 = Release|Any CPU
		{2FEBE08B-75A8-4A18-BBAB-34881E55075C}.Ad-Hoc|x86.Deploy.0 = Release|Any CPU
		{2FEBE08B-75A8-4A18-BBAB-34881E55075C}.AppStore|Any CPU.ActiveCfg = Release|Any CPU
		{2FEBE08B-75A8-4A18-BBAB-34881E55075C}.AppStore|Any CPU.Build.0 = Release|Any CPU
		{2FEBE08B-75A8-4A18-BBAB-34881E55075C}.AppStore|Any CPU.Deploy.0 = Release|Any CPU
		{2FEBE08B-75A8-4A18-BBAB-34881E55075C}.AppStore|ARM.ActiveCfg = Release|Any CPU
		{2FEBE08B-75A8-4A18-BBAB-34881E55075C}.AppStore|ARM.Build.0 = Release|Any CPU
		{2FEBE08B-75A8-4A18-BBAB-34881E55075C}.AppStore|ARM.Deploy.0 = Release|Any CPU
		{2FEBE08B-75A8-4A18-BBAB-34881E55075C}.AppStore|iPhone.ActiveCfg = Release|Any CPU
		{2FEBE08B-75A8-4A18-BBAB-34881E55075C}.AppStore|iPhone.Build.0 = Release|Any CPU
		{2FEBE08B-75A8-4A18-BBAB-34881E55075C}.AppStore|iPhone.Deploy.0 = Release|Any CPU
		{2FEBE08B-75A8-4A18-BBAB-34881E55075C}.AppStore|iPhoneSimulator.ActiveCfg = Release|Any CPU
		{2FEBE08B-75A8-4A18-BBAB-34881E55075C}.AppStore|iPhoneSimulator.Build.0 = Release|Any CPU
		{2FEBE08B-75A8-4A18-BBAB-34881E55075C}.AppStore|iPhoneSimulator.Deploy.0 = Release|Any CPU
		{2FEBE08B-75A8-4A18-BBAB-34881E55075C}.AppStore|x64.ActiveCfg = Release|Any CPU
		{2FEBE08B-75A8-4A18-BBAB-34881E55075C}.AppStore|x64.Build.0 = Release|Any CPU
		{2FEBE08B-75A8-4A18-BBAB-34881E55075C}.AppStore|x64.Deploy.0 = Release|Any CPU
		{2FEBE08B-75A8-4A18-BBAB-34881E55075C}.AppStore|x86.ActiveCfg = Release|Any CPU
		{2FEBE08B-75A8-4A18-BBAB-34881E55075C}.AppStore|x86.Build.0 = Release|Any CPU
		{2FEBE08B-75A8-4A18-BBAB-34881E55075C}.AppStore|x86.Deploy.0 = Release|Any CPU
		{2FEBE08B-75A8-4A18-BBAB-34881E55075C}.Debug|Any CPU.ActiveCfg = Debug|Any CPU
		{2FEBE08B-75A8-4A18-BBAB-34881E55075C}.Debug|Any CPU.Build.0 = Debug|Any CPU
		{2FEBE08B-75A8-4A18-BBAB-34881E55075C}.Debug|Any CPU.Deploy.0 = Debug|Any CPU
		{2FEBE08B-75A8-4A18-BBAB-34881E55075C}.Debug|ARM.ActiveCfg = Debug|Any CPU
		{2FEBE08B-75A8-4A18-BBAB-34881E55075C}.Debug|ARM.Build.0 = Debug|Any CPU
		{2FEBE08B-75A8-4A18-BBAB-34881E55075C}.Debug|ARM.Deploy.0 = Debug|Any CPU
		{2FEBE08B-75A8-4A18-BBAB-34881E55075C}.Debug|iPhone.ActiveCfg = Debug|Any CPU
		{2FEBE08B-75A8-4A18-BBAB-34881E55075C}.Debug|iPhone.Build.0 = Debug|Any CPU
		{2FEBE08B-75A8-4A18-BBAB-34881E55075C}.Debug|iPhone.Deploy.0 = Debug|Any CPU
		{2FEBE08B-75A8-4A18-BBAB-34881E55075C}.Debug|iPhoneSimulator.ActiveCfg = Debug|Any CPU
		{2FEBE08B-75A8-4A18-BBAB-34881E55075C}.Debug|iPhoneSimulator.Build.0 = Debug|Any CPU
		{2FEBE08B-75A8-4A18-BBAB-34881E55075C}.Debug|iPhoneSimulator.Deploy.0 = Debug|Any CPU
		{2FEBE08B-75A8-4A18-BBAB-34881E55075C}.Debug|x64.ActiveCfg = Debug|Any CPU
		{2FEBE08B-75A8-4A18-BBAB-34881E55075C}.Debug|x64.Build.0 = Debug|Any CPU
		{2FEBE08B-75A8-4A18-BBAB-34881E55075C}.Debug|x64.Deploy.0 = Debug|Any CPU
		{2FEBE08B-75A8-4A18-BBAB-34881E55075C}.Debug|x86.ActiveCfg = Debug|Any CPU
		{2FEBE08B-75A8-4A18-BBAB-34881E55075C}.Debug|x86.Build.0 = Debug|Any CPU
		{2FEBE08B-75A8-4A18-BBAB-34881E55075C}.Debug|x86.Deploy.0 = Debug|Any CPU
		{2FEBE08B-75A8-4A18-BBAB-34881E55075C}.Release|Any CPU.ActiveCfg = Release|Any CPU
		{2FEBE08B-75A8-4A18-BBAB-34881E55075C}.Release|Any CPU.Build.0 = Release|Any CPU
		{2FEBE08B-75A8-4A18-BBAB-34881E55075C}.Release|Any CPU.Deploy.0 = Release|Any CPU
		{2FEBE08B-75A8-4A18-BBAB-34881E55075C}.Release|ARM.ActiveCfg = Release|Any CPU
		{2FEBE08B-75A8-4A18-BBAB-34881E55075C}.Release|ARM.Build.0 = Release|Any CPU
		{2FEBE08B-75A8-4A18-BBAB-34881E55075C}.Release|ARM.Deploy.0 = Release|Any CPU
		{2FEBE08B-75A8-4A18-BBAB-34881E55075C}.Release|iPhone.ActiveCfg = Release|Any CPU
		{2FEBE08B-75A8-4A18-BBAB-34881E55075C}.Release|iPhone.Build.0 = Release|Any CPU
		{2FEBE08B-75A8-4A18-BBAB-34881E55075C}.Release|iPhone.Deploy.0 = Release|Any CPU
		{2FEBE08B-75A8-4A18-BBAB-34881E55075C}.Release|iPhoneSimulator.ActiveCfg = Release|Any CPU
		{2FEBE08B-75A8-4A18-BBAB-34881E55075C}.Release|iPhoneSimulator.Build.0 = Release|Any CPU
		{2FEBE08B-75A8-4A18-BBAB-34881E55075C}.Release|iPhoneSimulator.Deploy.0 = Release|Any CPU
		{2FEBE08B-75A8-4A18-BBAB-34881E55075C}.Release|x64.ActiveCfg = Release|Any CPU
		{2FEBE08B-75A8-4A18-BBAB-34881E55075C}.Release|x64.Build.0 = Release|Any CPU
		{2FEBE08B-75A8-4A18-BBAB-34881E55075C}.Release|x64.Deploy.0 = Release|Any CPU
		{2FEBE08B-75A8-4A18-BBAB-34881E55075C}.Release|x86.ActiveCfg = Release|Any CPU
		{2FEBE08B-75A8-4A18-BBAB-34881E55075C}.Release|x86.Build.0 = Release|Any CPU
		{2FEBE08B-75A8-4A18-BBAB-34881E55075C}.Release|x86.Deploy.0 = Release|Any CPU
		{E8CA1526-30B1-4928-863D-E1C6ACB7BCD4}.Ad-Hoc|Any CPU.ActiveCfg = Release|x86
		{E8CA1526-30B1-4928-863D-E1C6ACB7BCD4}.Ad-Hoc|Any CPU.Build.0 = Release|x86
		{E8CA1526-30B1-4928-863D-E1C6ACB7BCD4}.Ad-Hoc|Any CPU.Deploy.0 = Release|x86
		{E8CA1526-30B1-4928-863D-E1C6ACB7BCD4}.Ad-Hoc|ARM.ActiveCfg = Release|ARM
		{E8CA1526-30B1-4928-863D-E1C6ACB7BCD4}.Ad-Hoc|ARM.Build.0 = Release|ARM
		{E8CA1526-30B1-4928-863D-E1C6ACB7BCD4}.Ad-Hoc|ARM.Deploy.0 = Release|ARM
		{E8CA1526-30B1-4928-863D-E1C6ACB7BCD4}.Ad-Hoc|iPhone.ActiveCfg = Release|x86
		{E8CA1526-30B1-4928-863D-E1C6ACB7BCD4}.Ad-Hoc|iPhone.Build.0 = Release|x86
		{E8CA1526-30B1-4928-863D-E1C6ACB7BCD4}.Ad-Hoc|iPhone.Deploy.0 = Release|x86
		{E8CA1526-30B1-4928-863D-E1C6ACB7BCD4}.Ad-Hoc|iPhoneSimulator.ActiveCfg = Release|x86
		{E8CA1526-30B1-4928-863D-E1C6ACB7BCD4}.Ad-Hoc|iPhoneSimulator.Build.0 = Release|x86
		{E8CA1526-30B1-4928-863D-E1C6ACB7BCD4}.Ad-Hoc|iPhoneSimulator.Deploy.0 = Release|x86
		{E8CA1526-30B1-4928-863D-E1C6ACB7BCD4}.Ad-Hoc|x64.ActiveCfg = Release|x64
		{E8CA1526-30B1-4928-863D-E1C6ACB7BCD4}.Ad-Hoc|x64.Build.0 = Release|x64
		{E8CA1526-30B1-4928-863D-E1C6ACB7BCD4}.Ad-Hoc|x64.Deploy.0 = Release|x64
		{E8CA1526-30B1-4928-863D-E1C6ACB7BCD4}.Ad-Hoc|x86.ActiveCfg = Release|x86
		{E8CA1526-30B1-4928-863D-E1C6ACB7BCD4}.Ad-Hoc|x86.Build.0 = Release|x86
		{E8CA1526-30B1-4928-863D-E1C6ACB7BCD4}.Ad-Hoc|x86.Deploy.0 = Release|x86
		{E8CA1526-30B1-4928-863D-E1C6ACB7BCD4}.AppStore|Any CPU.ActiveCfg = Release|x86
		{E8CA1526-30B1-4928-863D-E1C6ACB7BCD4}.AppStore|Any CPU.Build.0 = Release|x86
		{E8CA1526-30B1-4928-863D-E1C6ACB7BCD4}.AppStore|Any CPU.Deploy.0 = Release|x86
		{E8CA1526-30B1-4928-863D-E1C6ACB7BCD4}.AppStore|ARM.ActiveCfg = Release|ARM
		{E8CA1526-30B1-4928-863D-E1C6ACB7BCD4}.AppStore|ARM.Build.0 = Release|ARM
		{E8CA1526-30B1-4928-863D-E1C6ACB7BCD4}.AppStore|ARM.Deploy.0 = Release|ARM
		{E8CA1526-30B1-4928-863D-E1C6ACB7BCD4}.AppStore|iPhone.ActiveCfg = Release|x86
		{E8CA1526-30B1-4928-863D-E1C6ACB7BCD4}.AppStore|iPhone.Build.0 = Release|x86
		{E8CA1526-30B1-4928-863D-E1C6ACB7BCD4}.AppStore|iPhone.Deploy.0 = Release|x86
		{E8CA1526-30B1-4928-863D-E1C6ACB7BCD4}.AppStore|iPhoneSimulator.ActiveCfg = Release|x86
		{E8CA1526-30B1-4928-863D-E1C6ACB7BCD4}.AppStore|iPhoneSimulator.Build.0 = Release|x86
		{E8CA1526-30B1-4928-863D-E1C6ACB7BCD4}.AppStore|iPhoneSimulator.Deploy.0 = Release|x86
		{E8CA1526-30B1-4928-863D-E1C6ACB7BCD4}.AppStore|x64.ActiveCfg = Release|x64
		{E8CA1526-30B1-4928-863D-E1C6ACB7BCD4}.AppStore|x64.Build.0 = Release|x64
		{E8CA1526-30B1-4928-863D-E1C6ACB7BCD4}.AppStore|x64.Deploy.0 = Release|x64
		{E8CA1526-30B1-4928-863D-E1C6ACB7BCD4}.AppStore|x86.ActiveCfg = Release|x86
		{E8CA1526-30B1-4928-863D-E1C6ACB7BCD4}.AppStore|x86.Build.0 = Release|x86
		{E8CA1526-30B1-4928-863D-E1C6ACB7BCD4}.AppStore|x86.Deploy.0 = Release|x86
		{E8CA1526-30B1-4928-863D-E1C6ACB7BCD4}.Debug|Any CPU.ActiveCfg = Debug|x86
		{E8CA1526-30B1-4928-863D-E1C6ACB7BCD4}.Debug|Any CPU.Build.0 = Debug|x86
		{E8CA1526-30B1-4928-863D-E1C6ACB7BCD4}.Debug|Any CPU.Deploy.0 = Debug|x86
		{E8CA1526-30B1-4928-863D-E1C6ACB7BCD4}.Debug|ARM.ActiveCfg = Debug|ARM
		{E8CA1526-30B1-4928-863D-E1C6ACB7BCD4}.Debug|ARM.Build.0 = Debug|ARM
		{E8CA1526-30B1-4928-863D-E1C6ACB7BCD4}.Debug|ARM.Deploy.0 = Debug|ARM
		{E8CA1526-30B1-4928-863D-E1C6ACB7BCD4}.Debug|iPhone.ActiveCfg = Debug|x86
		{E8CA1526-30B1-4928-863D-E1C6ACB7BCD4}.Debug|iPhoneSimulator.ActiveCfg = Debug|x86
		{E8CA1526-30B1-4928-863D-E1C6ACB7BCD4}.Debug|x64.ActiveCfg = Debug|x64
		{E8CA1526-30B1-4928-863D-E1C6ACB7BCD4}.Debug|x64.Build.0 = Debug|x64
		{E8CA1526-30B1-4928-863D-E1C6ACB7BCD4}.Debug|x64.Deploy.0 = Debug|x64
		{E8CA1526-30B1-4928-863D-E1C6ACB7BCD4}.Debug|x86.ActiveCfg = Debug|x86
		{E8CA1526-30B1-4928-863D-E1C6ACB7BCD4}.Debug|x86.Build.0 = Debug|x86
		{E8CA1526-30B1-4928-863D-E1C6ACB7BCD4}.Debug|x86.Deploy.0 = Debug|x86
		{E8CA1526-30B1-4928-863D-E1C6ACB7BCD4}.Release|Any CPU.ActiveCfg = Release|x86
		{E8CA1526-30B1-4928-863D-E1C6ACB7BCD4}.Release|ARM.ActiveCfg = Release|ARM
		{E8CA1526-30B1-4928-863D-E1C6ACB7BCD4}.Release|ARM.Build.0 = Release|ARM
		{E8CA1526-30B1-4928-863D-E1C6ACB7BCD4}.Release|ARM.Deploy.0 = Release|ARM
		{E8CA1526-30B1-4928-863D-E1C6ACB7BCD4}.Release|iPhone.ActiveCfg = Release|x86
		{E8CA1526-30B1-4928-863D-E1C6ACB7BCD4}.Release|iPhoneSimulator.ActiveCfg = Release|x86
		{E8CA1526-30B1-4928-863D-E1C6ACB7BCD4}.Release|x64.ActiveCfg = Release|x64
		{E8CA1526-30B1-4928-863D-E1C6ACB7BCD4}.Release|x64.Build.0 = Release|x64
		{E8CA1526-30B1-4928-863D-E1C6ACB7BCD4}.Release|x64.Deploy.0 = Release|x64
		{E8CA1526-30B1-4928-863D-E1C6ACB7BCD4}.Release|x86.ActiveCfg = Release|x86
		{E8CA1526-30B1-4928-863D-E1C6ACB7BCD4}.Release|x86.Build.0 = Release|x86
		{E8CA1526-30B1-4928-863D-E1C6ACB7BCD4}.Release|x86.Deploy.0 = Release|x86
		{76B6D7AA-0ABB-4413-8D0E-DF7D0FC44496}.Ad-Hoc|Any CPU.ActiveCfg = Ad-Hoc|iPhoneSimulator
		{76B6D7AA-0ABB-4413-8D0E-DF7D0FC44496}.Ad-Hoc|ARM.ActiveCfg = Ad-Hoc|iPhone
		{76B6D7AA-0ABB-4413-8D0E-DF7D0FC44496}.Ad-Hoc|iPhone.ActiveCfg = Ad-Hoc|iPhone
		{76B6D7AA-0ABB-4413-8D0E-DF7D0FC44496}.Ad-Hoc|iPhone.Build.0 = Ad-Hoc|iPhone
		{76B6D7AA-0ABB-4413-8D0E-DF7D0FC44496}.Ad-Hoc|iPhoneSimulator.ActiveCfg = Ad-Hoc|iPhoneSimulator
		{76B6D7AA-0ABB-4413-8D0E-DF7D0FC44496}.Ad-Hoc|iPhoneSimulator.Build.0 = Ad-Hoc|iPhoneSimulator
		{76B6D7AA-0ABB-4413-8D0E-DF7D0FC44496}.Ad-Hoc|x64.ActiveCfg = Ad-Hoc|iPhone
		{76B6D7AA-0ABB-4413-8D0E-DF7D0FC44496}.Ad-Hoc|x86.ActiveCfg = Ad-Hoc|iPhone
		{76B6D7AA-0ABB-4413-8D0E-DF7D0FC44496}.AppStore|Any CPU.ActiveCfg = AppStore|iPhoneSimulator
		{76B6D7AA-0ABB-4413-8D0E-DF7D0FC44496}.AppStore|ARM.ActiveCfg = AppStore|iPhone
		{76B6D7AA-0ABB-4413-8D0E-DF7D0FC44496}.AppStore|iPhone.ActiveCfg = AppStore|iPhone
		{76B6D7AA-0ABB-4413-8D0E-DF7D0FC44496}.AppStore|iPhone.Build.0 = AppStore|iPhone
		{76B6D7AA-0ABB-4413-8D0E-DF7D0FC44496}.AppStore|iPhoneSimulator.ActiveCfg = AppStore|iPhoneSimulator
		{76B6D7AA-0ABB-4413-8D0E-DF7D0FC44496}.AppStore|iPhoneSimulator.Build.0 = AppStore|iPhoneSimulator
		{76B6D7AA-0ABB-4413-8D0E-DF7D0FC44496}.AppStore|x64.ActiveCfg = AppStore|iPhone
		{76B6D7AA-0ABB-4413-8D0E-DF7D0FC44496}.AppStore|x86.ActiveCfg = AppStore|iPhone
		{76B6D7AA-0ABB-4413-8D0E-DF7D0FC44496}.Debug|Any CPU.ActiveCfg = Debug|iPhoneSimulator
		{76B6D7AA-0ABB-4413-8D0E-DF7D0FC44496}.Debug|ARM.ActiveCfg = Debug|iPhone
		{76B6D7AA-0ABB-4413-8D0E-DF7D0FC44496}.Debug|iPhone.ActiveCfg = Debug|iPhone
		{76B6D7AA-0ABB-4413-8D0E-DF7D0FC44496}.Debug|iPhone.Build.0 = Debug|iPhone
		{76B6D7AA-0ABB-4413-8D0E-DF7D0FC44496}.Debug|iPhoneSimulator.ActiveCfg = Debug|iPhoneSimulator
		{76B6D7AA-0ABB-4413-8D0E-DF7D0FC44496}.Debug|iPhoneSimulator.Build.0 = Debug|iPhoneSimulator
		{76B6D7AA-0ABB-4413-8D0E-DF7D0FC44496}.Debug|x64.ActiveCfg = Debug|iPhone
		{76B6D7AA-0ABB-4413-8D0E-DF7D0FC44496}.Debug|x86.ActiveCfg = Debug|iPhone
		{76B6D7AA-0ABB-4413-8D0E-DF7D0FC44496}.Release|Any CPU.ActiveCfg = Release|iPhoneSimulator
		{76B6D7AA-0ABB-4413-8D0E-DF7D0FC44496}.Release|ARM.ActiveCfg = Release|iPhone
		{76B6D7AA-0ABB-4413-8D0E-DF7D0FC44496}.Release|iPhone.ActiveCfg = Release|iPhone
		{76B6D7AA-0ABB-4413-8D0E-DF7D0FC44496}.Release|iPhone.Build.0 = Release|iPhone
		{76B6D7AA-0ABB-4413-8D0E-DF7D0FC44496}.Release|iPhoneSimulator.ActiveCfg = Release|iPhoneSimulator
		{76B6D7AA-0ABB-4413-8D0E-DF7D0FC44496}.Release|iPhoneSimulator.Build.0 = Release|iPhoneSimulator
		{76B6D7AA-0ABB-4413-8D0E-DF7D0FC44496}.Release|x64.ActiveCfg = Release|iPhone
		{76B6D7AA-0ABB-4413-8D0E-DF7D0FC44496}.Release|x86.ActiveCfg = Release|iPhone
		{E7A6E627-37BB-4D71-BCDA-5F3BB4939574}.Ad-Hoc|Any CPU.ActiveCfg = Debug|Any CPU
		{E7A6E627-37BB-4D71-BCDA-5F3BB4939574}.Ad-Hoc|Any CPU.Build.0 = Debug|Any CPU
		{E7A6E627-37BB-4D71-BCDA-5F3BB4939574}.Ad-Hoc|ARM.ActiveCfg = Debug|Any CPU
		{E7A6E627-37BB-4D71-BCDA-5F3BB4939574}.Ad-Hoc|ARM.Build.0 = Debug|Any CPU
		{E7A6E627-37BB-4D71-BCDA-5F3BB4939574}.Ad-Hoc|iPhone.ActiveCfg = Debug|Any CPU
		{E7A6E627-37BB-4D71-BCDA-5F3BB4939574}.Ad-Hoc|iPhone.Build.0 = Debug|Any CPU
		{E7A6E627-37BB-4D71-BCDA-5F3BB4939574}.Ad-Hoc|iPhoneSimulator.ActiveCfg = Debug|Any CPU
		{E7A6E627-37BB-4D71-BCDA-5F3BB4939574}.Ad-Hoc|iPhoneSimulator.Build.0 = Debug|Any CPU
		{E7A6E627-37BB-4D71-BCDA-5F3BB4939574}.Ad-Hoc|x64.ActiveCfg = Debug|Any CPU
		{E7A6E627-37BB-4D71-BCDA-5F3BB4939574}.Ad-Hoc|x64.Build.0 = Debug|Any CPU
		{E7A6E627-37BB-4D71-BCDA-5F3BB4939574}.Ad-Hoc|x86.ActiveCfg = Debug|Any CPU
		{E7A6E627-37BB-4D71-BCDA-5F3BB4939574}.Ad-Hoc|x86.Build.0 = Debug|Any CPU
		{E7A6E627-37BB-4D71-BCDA-5F3BB4939574}.AppStore|Any CPU.ActiveCfg = Debug|Any CPU
		{E7A6E627-37BB-4D71-BCDA-5F3BB4939574}.AppStore|Any CPU.Build.0 = Debug|Any CPU
		{E7A6E627-37BB-4D71-BCDA-5F3BB4939574}.AppStore|ARM.ActiveCfg = Debug|Any CPU
		{E7A6E627-37BB-4D71-BCDA-5F3BB4939574}.AppStore|ARM.Build.0 = Debug|Any CPU
		{E7A6E627-37BB-4D71-BCDA-5F3BB4939574}.AppStore|iPhone.ActiveCfg = Debug|Any CPU
		{E7A6E627-37BB-4D71-BCDA-5F3BB4939574}.AppStore|iPhone.Build.0 = Debug|Any CPU
		{E7A6E627-37BB-4D71-BCDA-5F3BB4939574}.AppStore|iPhoneSimulator.ActiveCfg = Debug|Any CPU
		{E7A6E627-37BB-4D71-BCDA-5F3BB4939574}.AppStore|iPhoneSimulator.Build.0 = Debug|Any CPU
		{E7A6E627-37BB-4D71-BCDA-5F3BB4939574}.AppStore|x64.ActiveCfg = Debug|Any CPU
		{E7A6E627-37BB-4D71-BCDA-5F3BB4939574}.AppStore|x64.Build.0 = Debug|Any CPU
		{E7A6E627-37BB-4D71-BCDA-5F3BB4939574}.AppStore|x86.ActiveCfg = Debug|Any CPU
		{E7A6E627-37BB-4D71-BCDA-5F3BB4939574}.AppStore|x86.Build.0 = Debug|Any CPU
		{E7A6E627-37BB-4D71-BCDA-5F3BB4939574}.Debug|Any CPU.ActiveCfg = Debug|Any CPU
		{E7A6E627-37BB-4D71-BCDA-5F3BB4939574}.Debug|Any CPU.Build.0 = Debug|Any CPU
		{E7A6E627-37BB-4D71-BCDA-5F3BB4939574}.Debug|ARM.ActiveCfg = Debug|Any CPU
		{E7A6E627-37BB-4D71-BCDA-5F3BB4939574}.Debug|ARM.Build.0 = Debug|Any CPU
		{E7A6E627-37BB-4D71-BCDA-5F3BB4939574}.Debug|iPhone.ActiveCfg = Debug|Any CPU
		{E7A6E627-37BB-4D71-BCDA-5F3BB4939574}.Debug|iPhone.Build.0 = Debug|Any CPU
		{E7A6E627-37BB-4D71-BCDA-5F3BB4939574}.Debug|iPhoneSimulator.ActiveCfg = Debug|Any CPU
		{E7A6E627-37BB-4D71-BCDA-5F3BB4939574}.Debug|iPhoneSimulator.Build.0 = Debug|Any CPU
		{E7A6E627-37BB-4D71-BCDA-5F3BB4939574}.Debug|x64.ActiveCfg = Debug|Any CPU
		{E7A6E627-37BB-4D71-BCDA-5F3BB4939574}.Debug|x64.Build.0 = Debug|Any CPU
		{E7A6E627-37BB-4D71-BCDA-5F3BB4939574}.Debug|x86.ActiveCfg = Debug|Any CPU
		{E7A6E627-37BB-4D71-BCDA-5F3BB4939574}.Debug|x86.Build.0 = Debug|Any CPU
		{E7A6E627-37BB-4D71-BCDA-5F3BB4939574}.Release|Any CPU.ActiveCfg = Release|Any CPU
		{E7A6E627-37BB-4D71-BCDA-5F3BB4939574}.Release|Any CPU.Build.0 = Release|Any CPU
		{E7A6E627-37BB-4D71-BCDA-5F3BB4939574}.Release|ARM.ActiveCfg = Release|Any CPU
		{E7A6E627-37BB-4D71-BCDA-5F3BB4939574}.Release|ARM.Build.0 = Release|Any CPU
		{E7A6E627-37BB-4D71-BCDA-5F3BB4939574}.Release|iPhone.ActiveCfg = Release|Any CPU
		{E7A6E627-37BB-4D71-BCDA-5F3BB4939574}.Release|iPhone.Build.0 = Release|Any CPU
		{E7A6E627-37BB-4D71-BCDA-5F3BB4939574}.Release|iPhoneSimulator.ActiveCfg = Release|Any CPU
		{E7A6E627-37BB-4D71-BCDA-5F3BB4939574}.Release|iPhoneSimulator.Build.0 = Release|Any CPU
		{E7A6E627-37BB-4D71-BCDA-5F3BB4939574}.Release|x64.ActiveCfg = Release|Any CPU
		{E7A6E627-37BB-4D71-BCDA-5F3BB4939574}.Release|x64.Build.0 = Release|Any CPU
		{E7A6E627-37BB-4D71-BCDA-5F3BB4939574}.Release|x86.ActiveCfg = Release|Any CPU
		{E7A6E627-37BB-4D71-BCDA-5F3BB4939574}.Release|x86.Build.0 = Release|Any CPU
	EndGlobalSection
	GlobalSection(SolutionProperties) = preSolution
		HideSolutionNode = FALSE
	EndGlobalSection
	GlobalSection(ExtensibilityGlobals) = postSolution
		SolutionGuid = {0E27B5DA-7096-4EA2-85EF-ED360E52BEE1}
	EndGlobalSection
EndGlobal
